# This file is autogenerated, do not edit; changes may be undone by the next 'dep ensure'.


[[projects]]
  branch = "master"
  digest = "1:bb6c15391e666c4f44bdc604772301b93102233ed687be6df6d1c2abbde4f15c"
  name = "github.com/RackSec/srslog"
  packages = ["."]
  pruneopts = "UT"
  revision = "a4725f04ec91af1a91b380da679d6e0c2f061e59"

[solve-meta]
  analyzer-name = "dep"
  analyzer-version = 1
  input-imports = ["github.com/RackSec/srslog"]
  solver-name = "gps-cdcl"
  solver-version = 1
